// !$*UTF8*$!
{
	archiveVersion = 1;
	classes = {
	};
	objectVersion = 51;
	objects = {

/* Begin PBXBuildFile section */
		3B3A7BD4E2CE8542DD6424E2 /* Pods_parstagramTests.framework in Frameworks */ = {isa = PBXBuildFile; fileRef = 0999F29AB73A7D74F9DC2E18 /* Pods_parstagramTests.framework */; };
		ACCF54B5EF91E573C90E241B /* Pods_parstagram.framework in Frameworks */ = {isa = PBXBuildFile; fileRef = 062EDEDC70309D0AAE682F08 /* Pods_parstagram.framework */; };
		AD9D029E19243D211B2EC929 /* Pods_parstagram_parstagramUITests.framework in Frameworks */ = {isa = PBXBuildFile; fileRef = 0FF236499BF60A00DE5CFCCB /* Pods_parstagram_parstagramUITests.framework */; };
		DDDC820323739AB9003A97A8 /* AppDelegate.swift in Sources */ = {isa = PBXBuildFile; fileRef = DDDC820223739AB9003A97A8 /* AppDelegate.swift */; };
		DDDC820523739AB9003A97A8 /* SceneDelegate.swift in Sources */ = {isa = PBXBuildFile; fileRef = DDDC820423739AB9003A97A8 /* SceneDelegate.swift */; };
		DDDC820A23739AB9003A97A8 /* Main.storyboard in Resources */ = {isa = PBXBuildFile; fileRef = DDDC820823739AB9003A97A8 /* Main.storyboard */; };
		DDDC820C23739ABA003A97A8 /* Assets.xcassets in Resources */ = {isa = PBXBuildFile; fileRef = DDDC820B23739ABA003A97A8 /* Assets.xcassets */; };
		DDDC820F23739ABA003A97A8 /* LaunchScreen.storyboard in Resources */ = {isa = PBXBuildFile; fileRef = DDDC820D23739ABA003A97A8 /* LaunchScreen.storyboard */; };
		DDDC821A23739ABA003A97A8 /* parstagramTests.swift in Sources */ = {isa = PBXBuildFile; fileRef = DDDC821923739ABA003A97A8 /* parstagramTests.swift */; };
		DDDC822523739ABA003A97A8 /* parstagramUITests.swift in Sources */ = {isa = PBXBuildFile; fileRef = DDDC822423739ABA003A97A8 /* parstagramUITests.swift */; };
		DDDC823323739C19003A97A8 /* LoginViewController.swift in Sources */ = {isa = PBXBuildFile; fileRef = DDDC823223739C19003A97A8 /* LoginViewController.swift */; };
		DDDC823523739C36003A97A8 /* FeedViewController.swift in Sources */ = {isa = PBXBuildFile; fileRef = DDDC823423739C36003A97A8 /* FeedViewController.swift */; };
/* End PBXBuildFile section */

/* Begin PBXContainerItemProxy section */
		DDDC821623739ABA003A97A8 /* PBXContainerItemProxy */ = {
			isa = PBXContainerItemProxy;
			containerPortal = DDDC81F723739AB9003A97A8 /* Project object */;
			proxyType = 1;
			remoteGlobalIDString = DDDC81FE23739AB9003A97A8;
			remoteInfo = parstagram;
		};
		DDDC822123739ABA003A97A8 /* PBXContainerItemProxy */ = {
			isa = PBXContainerItemProxy;
			containerPortal = DDDC81F723739AB9003A97A8 /* Project object */;
			proxyType = 1;
			remoteGlobalIDString = DDDC81FE23739AB9003A97A8;
			remoteInfo = parstagram;
		};
/* End PBXContainerItemProxy section */

/* Begin PBXFileReference section */
		062EDEDC70309D0AAE682F08 /* Pods_parstagram.framework */ = {isa = PBXFileReference; explicitFileType = wrapper.framework; includeInIndex = 0; path = Pods_parstagram.framework; sourceTree = BUILT_PRODUCTS_DIR; };
		0999F29AB73A7D74F9DC2E18 /* Pods_parstagramTests.framework */ = {isa = PBXFileReference; explicitFileType = wrapper.framework; includeInIndex = 0; path = Pods_parstagramTests.framework; sourceTree = BUILT_PRODUCTS_DIR; };
		0FF236499BF60A00DE5CFCCB /* Pods_parstagram_parstagramUITests.framework */ = {isa = PBXFileReference; explicitFileType = wrapper.framework; includeInIndex = 0; path = Pods_parstagram_parstagramUITests.framework; sourceTree = BUILT_PRODUCTS_DIR; };
		10C9FB017EC6ADC1ABEF3DA7 /* Pods-parstagramTests.debug.xcconfig */ = {isa = PBXFileReference; includeInIndex = 1; lastKnownFileType = text.xcconfig; name = "Pods-parstagramTests.debug.xcconfig"; path = "Target Support Files/Pods-parstagramTests/Pods-parstagramTests.debug.xcconfig"; sourceTree = "<group>"; };
		5259B4C344D882A879B49414 /* Pods-parstagram.debug.xcconfig */ = {isa = PBXFileReference; includeInIndex = 1; lastKnownFileType = text.xcconfig; name = "Pods-parstagram.debug.xcconfig"; path = "Target Support Files/Pods-parstagram/Pods-parstagram.debug.xcconfig"; sourceTree = "<group>"; };
		8F4D53DAC85A43365FB9BAD2 /* Pods-parstagram-parstagramUITests.debug.xcconfig */ = {isa = PBXFileReference; includeInIndex = 1; lastKnownFileType = text.xcconfig; name = "Pods-parstagram-parstagramUITests.debug.xcconfig"; path = "Target Support Files/Pods-parstagram-parstagramUITests/Pods-parstagram-parstagramUITests.debug.xcconfig"; sourceTree = "<group>"; };
		B2695FBFC0504DE94819BC5D /* Pods-parstagramTests.release.xcconfig */ = {isa = PBXFileReference; includeInIndex = 1; lastKnownFileType = text.xcconfig; name = "Pods-parstagramTests.release.xcconfig"; path = "Target Support Files/Pods-parstagramTests/Pods-parstagramTests.release.xcconfig"; sourceTree = "<group>"; };
		BD5A6A50C99A69ED8324B86D /* Pods-parstagram.release.xcconfig */ = {isa = PBXFileReference; includeInIndex = 1; lastKnownFileType = text.xcconfig; name = "Pods-parstagram.release.xcconfig"; path = "Target Support Files/Pods-parstagram/Pods-parstagram.release.xcconfig"; sourceTree = "<group>"; };
		CA9612FFB5BC182ACA2FB522 /* Pods-parstagram-parstagramUITests.release.xcconfig */ = {isa = PBXFileReference; includeInIndex = 1; lastKnownFileType = text.xcconfig; name = "Pods-parstagram-parstagramUITests.release.xcconfig"; path = "Target Support Files/Pods-parstagram-parstagramUITests/Pods-parstagram-parstagramUITests.release.xcconfig"; sourceTree = "<group>"; };
		DDDC81FF23739AB9003A97A8 /* parstagram.app */ = {isa = PBXFileReference; explicitFileType = wrapper.application; includeInIndex = 0; path = parstagram.app; sourceTree = BUILT_PRODUCTS_DIR; };
		DDDC820223739AB9003A97A8 /* AppDelegate.swift */ = {isa = PBXFileReference; lastKnownFileType = sourcecode.swift; path = AppDelegate.swift; sourceTree = "<group>"; };
		DDDC820423739AB9003A97A8 /* SceneDelegate.swift */ = {isa = PBXFileReference; lastKnownFileType = sourcecode.swift; path = SceneDelegate.swift; sourceTree = "<group>"; };
		DDDC820923739AB9003A97A8 /* Base */ = {isa = PBXFileReference; lastKnownFileType = file.storyboard; name = Base; path = Base.lproj/Main.storyboard; sourceTree = "<group>"; };
		DDDC820B23739ABA003A97A8 /* Assets.xcassets */ = {isa = PBXFileReference; lastKnownFileType = folder.assetcatalog; path = Assets.xcassets; sourceTree = "<group>"; };
		DDDC820E23739ABA003A97A8 /* Base */ = {isa = PBXFileReference; lastKnownFileType = file.storyboard; name = Base; path = Base.lproj/LaunchScreen.storyboard; sourceTree = "<group>"; };
		DDDC821023739ABA003A97A8 /* Info.plist */ = {isa = PBXFileReference; lastKnownFileType = text.plist.xml; path = Info.plist; sourceTree = "<group>"; };
		DDDC821523739ABA003A97A8 /* parstagramTests.xctest */ = {isa = PBXFileReference; explicitFileType = wrapper.cfbundle; includeInIndex = 0; path = parstagramTests.xctest; sourceTree = BUILT_PRODUCTS_DIR; };
		DDDC821923739ABA003A97A8 /* parstagramTests.swift */ = {isa = PBXFileReference; lastKnownFileType = sourcecode.swift; path = parstagramTests.swift; sourceTree = "<group>"; };
		DDDC821B23739ABA003A97A8 /* Info.plist */ = {isa = PBXFileReference; lastKnownFileType = text.plist.xml; path = Info.plist; sourceTree = "<group>"; };
		DDDC822023739ABA003A97A8 /* parstagramUITests.xctest */ = {isa = PBXFileReference; explicitFileType = wrapper.cfbundle; includeInIndex = 0; path = parstagramUITests.xctest; sourceTree = BUILT_PRODUCTS_DIR; };
		DDDC822423739ABA003A97A8 /* parstagramUITests.swift */ = {isa = PBXFileReference; lastKnownFileType = sourcecode.swift; path = parstagramUITests.swift; sourceTree = "<group>"; };
		DDDC822623739ABA003A97A8 /* Info.plist */ = {isa = PBXFileReference; lastKnownFileType = text.plist.xml; path = Info.plist; sourceTree = "<group>"; };
		DDDC823223739C19003A97A8 /* LoginViewController.swift */ = {isa = PBXFileReference; lastKnownFileType = sourcecode.swift; path = LoginViewController.swift; sourceTree = "<group>"; };
		DDDC823423739C36003A97A8 /* FeedViewController.swift */ = {isa = PBXFileReference; lastKnownFileType = sourcecode.swift; path = FeedViewController.swift; sourceTree = "<group>"; };
/* End PBXFileReference section */

/* Begin PBXFrameworksBuildPhase section */
		DDDC81FC23739AB9003A97A8 /* Frameworks */ = {
			isa = PBXFrameworksBuildPhase;
			buildActionMask = 2147483647;
			files = (
				ACCF54B5EF91E573C90E241B /* Pods_parstagram.framework in Frameworks */,
			);
			runOnlyForDeploymentPostprocessing = 0;
		};
		DDDC821223739ABA003A97A8 /* Frameworks */ = {
			isa = PBXFrameworksBuildPhase;
			buildActionMask = 2147483647;
			files = (
				3B3A7BD4E2CE8542DD6424E2 /* Pods_parstagramTests.framework in Frameworks */,
			);
			runOnlyForDeploymentPostprocessing = 0;
		};
		DDDC821D23739ABA003A97A8 /* Frameworks */ = {
			isa = PBXFrameworksBuildPhase;
			buildActionMask = 2147483647;
			files = (
				AD9D029E19243D211B2EC929 /* Pods_parstagram_parstagramUITests.framework in Frameworks */,
			);
			runOnlyForDeploymentPostprocessing = 0;
		};
/* End PBXFrameworksBuildPhase section */

/* Begin PBXGroup section */
		0CE4729132C37614D60125D7 /* Frameworks */ = {
			isa = PBXGroup;
			children = (
				062EDEDC70309D0AAE682F08 /* Pods_parstagram.framework */,
				0FF236499BF60A00DE5CFCCB /* Pods_parstagram_parstagramUITests.framework */,
				0999F29AB73A7D74F9DC2E18 /* Pods_parstagramTests.framework */,
			);
			name = Frameworks;
			sourceTree = "<group>";
		};
		AD0DB5DCA0672CDD8E04C7E0 /* Pods */ = {
			isa = PBXGroup;
			children = (
				5259B4C344D882A879B49414 /* Pods-parstagram.debug.xcconfig */,
				BD5A6A50C99A69ED8324B86D /* Pods-parstagram.release.xcconfig */,
				8F4D53DAC85A43365FB9BAD2 /* Pods-parstagram-parstagramUITests.debug.xcconfig */,
				CA9612FFB5BC182ACA2FB522 /* Pods-parstagram-parstagramUITests.release.xcconfig */,
				10C9FB017EC6ADC1ABEF3DA7 /* Pods-parstagramTests.debug.xcconfig */,
				B2695FBFC0504DE94819BC5D /* Pods-parstagramTests.release.xcconfig */,
			);
			path = Pods;
			sourceTree = "<group>";
		};
		DDDC81F623739AB9003A97A8 = {
			isa = PBXGroup;
			children = (
				DDDC820123739AB9003A97A8 /* parstagram */,
				DDDC821823739ABA003A97A8 /* parstagramTests */,
				DDDC822323739ABA003A97A8 /* parstagramUITests */,
				DDDC820023739AB9003A97A8 /* Products */,
				AD0DB5DCA0672CDD8E04C7E0 /* Pods */,
				0CE4729132C37614D60125D7 /* Frameworks */,
			);
			sourceTree = "<group>";
		};
		DDDC820023739AB9003A97A8 /* Products */ = {
			isa = PBXGroup;
			children = (
				DDDC81FF23739AB9003A97A8 /* parstagram.app */,
				DDDC821523739ABA003A97A8 /* parstagramTests.xctest */,
				DDDC822023739ABA003A97A8 /* parstagramUITests.xctest */,
			);
			name = Products;
			sourceTree = "<group>";
		};
		DDDC820123739AB9003A97A8 /* parstagram */ = {
			isa = PBXGroup;
			children = (
				DDDC820223739AB9003A97A8 /* AppDelegate.swift */,
				DDDC820423739AB9003A97A8 /* SceneDelegate.swift */,
				DDDC820823739AB9003A97A8 /* Main.storyboard */,
				DDDC820B23739ABA003A97A8 /* Assets.xcassets */,
				DDDC820D23739ABA003A97A8 /* LaunchScreen.storyboard */,
				DDDC821023739ABA003A97A8 /* Info.plist */,
				DDDC823223739C19003A97A8 /* LoginViewController.swift */,
				DDDC823423739C36003A97A8 /* FeedViewController.swift */,
			);
			path = parstagram;
			sourceTree = "<group>";
		};
		DDDC821823739ABA003A97A8 /* parstagramTests */ = {
			isa = PBXGroup;
			children = (
				DDDC821923739ABA003A97A8 /* parstagramTests.swift */,
				DDDC821B23739ABA003A97A8 /* Info.plist */,
			);
			path = parstagramTests;
			sourceTree = "<group>";
		};
		DDDC822323739ABA003A97A8 /* parstagramUITests */ = {
			isa = PBXGroup;
			children = (
				DDDC822423739ABA003A97A8 /* parstagramUITests.swift */,
				DDDC822623739ABA003A97A8 /* Info.plist */,
			);
			path = parstagramUITests;
			sourceTree = "<group>";
		};
/* End PBXGroup section */

/* Begin PBXNativeTarget section */
		DDDC81FE23739AB9003A97A8 /* parstagram */ = {
			isa = PBXNativeTarget;
			buildConfigurationList = DDDC822923739ABA003A97A8 /* Build configuration list for PBXNativeTarget "parstagram" */;
			buildPhases = (
				EA3A23C7DB158B985A9FBC23 /* [CP] Check Pods Manifest.lock */,
				DDDC81FB23739AB9003A97A8 /* Sources */,
				DDDC81FC23739AB9003A97A8 /* Frameworks */,
				DDDC81FD23739AB9003A97A8 /* Resources */,
				0FAB14E1FAA48059CDF92AB2 /* [CP] Embed Pods Frameworks */,
			);
			buildRules = (
			);
			dependencies = (
			);
			name = parstagram;
			productName = parstagram;
			productReference = DDDC81FF23739AB9003A97A8 /* parstagram.app */;
			productType = "com.apple.product-type.application";
		};
		DDDC821423739ABA003A97A8 /* parstagramTests */ = {
			isa = PBXNativeTarget;
			buildConfigurationList = DDDC822C23739ABA003A97A8 /* Build configuration list for PBXNativeTarget "parstagramTests" */;
			buildPhases = (
				9BC99BAF8CD08093B14F37A3 /* [CP] Check Pods Manifest.lock */,
				DDDC821123739ABA003A97A8 /* Sources */,
				DDDC821223739ABA003A97A8 /* Frameworks */,
				DDDC821323739ABA003A97A8 /* Resources */,
			);
			buildRules = (
			);
			dependencies = (
				DDDC821723739ABA003A97A8 /* PBXTargetDependency */,
			);
			name = parstagramTests;
			productName = parstagramTests;
			productReference = DDDC821523739ABA003A97A8 /* parstagramTests.xctest */;
			productType = "com.apple.product-type.bundle.unit-test";
		};
		DDDC821F23739ABA003A97A8 /* parstagramUITests */ = {
			isa = PBXNativeTarget;
			buildConfigurationList = DDDC822F23739ABA003A97A8 /* Build configuration list for PBXNativeTarget "parstagramUITests" */;
			buildPhases = (
				027F1338D26FD611A03E0382 /* [CP] Check Pods Manifest.lock */,
				DDDC821C23739ABA003A97A8 /* Sources */,
				DDDC821D23739ABA003A97A8 /* Frameworks */,
				DDDC821E23739ABA003A97A8 /* Resources */,
				464699297D9AD723F40E7644 /* [CP] Embed Pods Frameworks */,
			);
			buildRules = (
			);
			dependencies = (
				DDDC822223739ABA003A97A8 /* PBXTargetDependency */,
			);
			name = parstagramUITests;
			productName = parstagramUITests;
			productReference = DDDC822023739ABA003A97A8 /* parstagramUITests.xctest */;
			productType = "com.apple.product-type.bundle.ui-testing";
		};
/* End PBXNativeTarget section */

/* Begin PBXProject section */
		DDDC81F723739AB9003A97A8 /* Project object */ = {
			isa = PBXProject;
			attributes = {
				LastSwiftUpdateCheck = 1110;
				LastUpgradeCheck = 1110;
				ORGANIZATIONNAME = "Angela Wen";
				TargetAttributes = {
					DDDC81FE23739AB9003A97A8 = {
						CreatedOnToolsVersion = 11.1;
					};
					DDDC821423739ABA003A97A8 = {
						CreatedOnToolsVersion = 11.1;
						TestTargetID = DDDC81FE23739AB9003A97A8;
					};
					DDDC821F23739ABA003A97A8 = {
						CreatedOnToolsVersion = 11.1;
						TestTargetID = DDDC81FE23739AB9003A97A8;
					};
				};
			};
			buildConfigurationList = DDDC81FA23739AB9003A97A8 /* Build configuration list for PBXProject "parstagram" */;
			compatibilityVersion = "Xcode 9.3";
			developmentRegion = en;
			hasScannedForEncodings = 0;
			knownRegions = (
				en,
				Base,
			);
			mainGroup = DDDC81F623739AB9003A97A8;
			productRefGroup = DDDC820023739AB9003A97A8 /* Products */;
			projectDirPath = "";
			projectRoot = "";
			targets = (
				DDDC81FE23739AB9003A97A8 /* parstagram */,
				DDDC821423739ABA003A97A8 /* parstagramTests */,
				DDDC821F23739ABA003A97A8 /* parstagramUITests */,
			);
		};
/* End PBXProject section */

/* Begin PBXResourcesBuildPhase section */
		DDDC81FD23739AB9003A97A8 /* Resources */ = {
			isa = PBXResourcesBuildPhase;
			buildActionMask = 2147483647;
			files = (
				DDDC820F23739ABA003A97A8 /* LaunchScreen.storyboard in Resources */,
				DDDC820C23739ABA003A97A8 /* Assets.xcassets in Resources */,
				DDDC820A23739AB9003A97A8 /* Main.storyboard in Resources */,
			);
			runOnlyForDeploymentPostprocessing = 0;
		};
		DDDC821323739ABA003A97A8 /* Resources */ = {
			isa = PBXResourcesBuildPhase;
			buildActionMask = 2147483647;
			files = (
			);
			runOnlyForDeploymentPostprocessing = 0;
		};
		DDDC821E23739ABA003A97A8 /* Resources */ = {
			isa = PBXResourcesBuildPhase;
			buildActionMask = 2147483647;
			files = (
			);
			runOnlyForDeploymentPostprocessing = 0;
		};
/* End PBXResourcesBuildPhase section */

/* Begin PBXShellScriptBuildPhase section */
		027F1338D26FD611A03E0382 /* [CP] Check Pods Manifest.lock */ = {
			isa = PBXShellScriptBuildPhase;
			buildActionMask = 2147483647;
			files = (
			);
			inputFileListPaths = (
			);
			inputPaths = (
				"${PODS_PODFILE_DIR_PATH}/Podfile.lock",
				"${PODS_ROOT}/Manifest.lock",
			);
			name = "[CP] Check Pods Manifest.lock";
			outputFileListPaths = (
			);
			outputPaths = (
				"$(DERIVED_FILE_DIR)/Pods-parstagram-parstagramUITests-checkManifestLockResult.txt",
			);
			runOnlyForDeploymentPostprocessing = 0;
			shellPath = /bin/sh;
			shellScript = "diff \"${PODS_PODFILE_DIR_PATH}/Podfile.lock\" \"${PODS_ROOT}/Manifest.lock\" > /dev/null\nif [ $? != 0 ] ; then\n    # print error to STDERR\n    echo \"error: The sandbox is not in sync with the Podfile.lock. Run 'pod install' or update your CocoaPods installation.\" >&2\n    exit 1\nfi\n# This output is used by Xcode 'outputs' to avoid re-running this script phase.\necho \"SUCCESS\" > \"${SCRIPT_OUTPUT_FILE_0}\"\n";
			showEnvVarsInLog = 0;
		};
		0FAB14E1FAA48059CDF92AB2 /* [CP] Embed Pods Frameworks */ = {
			isa = PBXShellScriptBuildPhase;
			buildActionMask = 2147483647;
			files = (
			);
			inputFileListPaths = (
				"${PODS_ROOT}/Target Support Files/Pods-parstagram/Pods-parstagram-frameworks-${CONFIGURATION}-input-files.xcfilelist",
			);
			name = "[CP] Embed Pods Frameworks";
			outputFileListPaths = (
				"${PODS_ROOT}/Target Support Files/Pods-parstagram/Pods-parstagram-frameworks-${CONFIGURATION}-output-files.xcfilelist",
			);
			runOnlyForDeploymentPostprocessing = 0;
			shellPath = /bin/sh;
			shellScript = "\"${PODS_ROOT}/Target Support Files/Pods-parstagram/Pods-parstagram-frameworks.sh\"\n";
			showEnvVarsInLog = 0;
		};
		464699297D9AD723F40E7644 /* [CP] Embed Pods Frameworks */ = {
			isa = PBXShellScriptBuildPhase;
			buildActionMask = 2147483647;
			files = (
			);
			inputFileListPaths = (
				"${PODS_ROOT}/Target Support Files/Pods-parstagram-parstagramUITests/Pods-parstagram-parstagramUITests-frameworks-${CONFIGURATION}-input-files.xcfilelist",
			);
			name = "[CP] Embed Pods Frameworks";
			outputFileListPaths = (
				"${PODS_ROOT}/Target Support Files/Pods-parstagram-parstagramUITests/Pods-parstagram-parstagramUITests-frameworks-${CONFIGURATION}-output-files.xcfilelist",
			);
			runOnlyForDeploymentPostprocessing = 0;
			shellPath = /bin/sh;
			shellScript = "\"${PODS_ROOT}/Target Support Files/Pods-parstagram-parstagramUITests/Pods-parstagram-parstagramUITests-frameworks.sh\"\n";
			showEnvVarsInLog = 0;
		};
		9BC99BAF8CD08093B14F37A3 /* [CP] Check Pods Manifest.lock */ = {
			isa = PBXShellScriptBuildPhase;
			buildActionMask = 2147483647;
			files = (
			);
			inputFileListPaths = (
			);
			inputPaths = (
				"${PODS_PODFILE_DIR_PATH}/Podfile.lock",
				"${PODS_ROOT}/Manifest.lock",
			);
			name = "[CP] Check Pods Manifest.lock";
			outputFileListPaths = (
			);
			outputPaths = (
				"$(DERIVED_FILE_DIR)/Pods-parstagramTests-checkManifestLockResult.txt",
			);
			runOnlyForDeploymentPostprocessing = 0;
			shellPath = /bin/sh;
			shellScript = "diff \"${PODS_PODFILE_DIR_PATH}/Podfile.lock\" \"${PODS_ROOT}/Manifest.lock\" > /dev/null\nif [ $? != 0 ] ; then\n    # print error to STDERR\n    echo \"error: The sandbox is not in sync with the Podfile.lock. Run 'pod install' or update your CocoaPods installation.\" >&2\n    exit 1\nfi\n# This output is used by Xcode 'outputs' to avoid re-running this script phase.\necho \"SUCCESS\" > \"${SCRIPT_OUTPUT_FILE_0}\"\n";
			showEnvVarsInLog = 0;
		};
		EA3A23C7DB158B985A9FBC23 /* [CP] Check Pods Manifest.lock */ = {
			isa = PBXShellScriptBuildPhase;
			buildActionMask = 2147483647;
			files = (
			);
			inputFileListPaths = (
			);
			inputPaths = (
				"${PODS_PODFILE_DIR_PATH}/Podfile.lock",
				"${PODS_ROOT}/Manifest.lock",
			);
			name = "[CP] Check Pods Manifest.lock";
			outputFileListPaths = (
			);
			outputPaths = (
				"$(DERIVED_FILE_DIR)/Pods-parstagram-checkManifestLockResult.txt",
			);
			runOnlyForDeploymentPostprocessing = 0;
			shellPath = /bin/sh;
			shellScript = "diff \"${PODS_PODFILE_DIR_PATH}/Podfile.lock\" \"${PODS_ROOT}/Manifest.lock\" > /dev/null\nif [ $? != 0 ] ; then\n    # print error to STDERR\n    echo \"error: The sandbox is not in sync with the Podfile.lock. Run 'pod install' or update your CocoaPods installation.\" >&2\n    exit 1\nfi\n# This output is used by Xcode 'outputs' to avoid re-running this script phase.\necho \"SUCCESS\" > \"${SCRIPT_OUTPUT_FILE_0}\"\n";
			showEnvVarsInLog = 0;
		};
/* End PBXShellScriptBuildPhase section */

/* Begin PBXSourcesBuildPhase section */
		DDDC81FB23739AB9003A97A8 /* Sources */ = {
			isa = PBXSourcesBuildPhase;
			buildActionMask = 2147483647;
			files = (
				DDDC823323739C19003A97A8 /* LoginViewController.swift in Sources */,
				DDDC820323739AB9003A97A8 /* AppDelegate.swift in Sources */,
				DDDC823523739C36003A97A8 /* FeedViewController.swift in Sources */,
				DDDC820523739AB9003A97A8 /* SceneDelegate.swift in Sources */,
			);
			runOnlyForDeploymentPostprocessing = 0;
		};
		DDDC821123739ABA003A97A8 /* Sources */ = {
			isa = PBXSourcesBuildPhase;
			buildActionMask = 2147483647;
			files = (
				DDDC821A23739ABA003A97A8 /* parstagramTests.swift in Sources */,
			);
			runOnlyForDeploymentPostprocessing = 0;
		};
		DDDC821C23739ABA003A97A8 /* Sources */ = {
			isa = PBXSourcesBuildPhase;
			buildActionMask = 2147483647;
			files = (
				DDDC822523739ABA003A97A8 /* parstagramUITests.swift in Sources */,
			);
			runOnlyForDeploymentPostprocessing = 0;
		};
/* End PBXSourcesBuildPhase section */

/* Begin PBXTargetDependency section */
		DDDC821723739ABA003A97A8 /* PBXTargetDependency */ = {
			isa = PBXTargetDependency;
			target = DDDC81FE23739AB9003A97A8 /* parstagram */;
			targetProxy = DDDC821623739ABA003A97A8 /* PBXContainerItemProxy */;
		};
		DDDC822223739ABA003A97A8 /* PBXTargetDependency */ = {
			isa = PBXTargetDependency;
			target = DDDC81FE23739AB9003A97A8 /* parstagram */;
			targetProxy = DDDC822123739ABA003A97A8 /* PBXContainerItemProxy */;
		};
/* End PBXTargetDependency section */

/* Begin PBXVariantGroup section */
		DDDC820823739AB9003A97A8 /* Main.storyboard */ = {
			isa = PBXVariantGroup;
			children = (
				DDDC820923739AB9003A97A8 /* Base */,
			);
			name = Main.storyboard;
			sourceTree = "<group>";
		};
		DDDC820D23739ABA003A97A8 /* LaunchScreen.storyboard */ = {
			isa = PBXVariantGroup;
			children = (
				DDDC820E23739ABA003A97A8 /* Base */,
			);
			name = LaunchScreen.storyboard;
			sourceTree = "<group>";
		};
/* End PBXVariantGroup section */

/* Begin XCBuildConfiguration section */
		DDDC822723739ABA003A97A8 /* Debug */ = {
			isa = XCBuildConfiguration;
			buildSettings = {
				ALWAYS_SEARCH_USER_PATHS = NO;
				CLANG_ANALYZER_NONNULL = YES;
				CLANG_ANALYZER_NUMBER_OBJECT_CONVERSION = YES_AGGRESSIVE;
				CLANG_CXX_LANGUAGE_STANDARD = "gnu++14";
				CLANG_CXX_LIBRARY = "libc++";
				CLANG_ENABLE_MODULES = YES;
				CLANG_ENABLE_OBJC_ARC = YES;
				CLANG_ENABLE_OBJC_WEAK = YES;
				CLANG_WARN_BLOCK_CAPTURE_AUTORELEASING = YES;
				CLANG_WARN_BOOL_CONVERSION = YES;
				CLANG_WARN_COMMA = YES;
				CLANG_WARN_CONSTANT_CONVERSION = YES;
				CLANG_WARN_DEPRECATED_OBJC_IMPLEMENTATIONS = YES;
				CLANG_WARN_DIRECT_OBJC_ISA_USAGE = YES_ERROR;
				CLANG_WARN_DOCUMENTATION_COMMENTS = YES;
				CLANG_WARN_EMPTY_BODY = YES;
				CLANG_WARN_ENUM_CONVERSION = YES;
				CLANG_WARN_INFINITE_RECURSION = YES;
				CLANG_WARN_INT_CONVERSION = YES;
				CLANG_WARN_NON_LITERAL_NULL_CONVERSION = YES;
				CLANG_WARN_OBJC_IMPLICIT_RETAIN_SELF = YES;
				CLANG_WARN_OBJC_LITERAL_CONVERSION = YES;
				CLANG_WARN_OBJC_ROOT_CLASS = YES_ERROR;
				CLANG_WARN_RANGE_LOOP_ANALYSIS = YES;
				CLANG_WARN_STRICT_PROTOTYPES = YES;
				CLANG_WARN_SUSPICIOUS_MOVE = YES;
				CLANG_WARN_UNGUARDED_AVAILABILITY = YES_AGGRESSIVE;
				CLANG_WARN_UNREACHABLE_CODE = YES;
				CLANG_WARN__DUPLICATE_METHOD_MATCH = YES;
				COPY_PHASE_STRIP = NO;
				DEBUG_INFORMATION_FORMAT = dwarf;
				ENABLE_STRICT_OBJC_MSGSEND = YES;
				ENABLE_TESTABILITY = YES;
				GCC_C_LANGUAGE_STANDARD = gnu11;
				GCC_DYNAMIC_NO_PIC = NO;
				GCC_NO_COMMON_BLOCKS = YES;
				GCC_OPTIMIZATION_LEVEL = 0;
				GCC_PREPROCESSOR_DEFINITIONS = (
					"DEBUG=1",
					"$(inherited)",
				);
				GCC_WARN_64_TO_32_BIT_CONVERSION = YES;
				GCC_WARN_ABOUT_RETURN_TYPE = YES_ERROR;
				GCC_WARN_UNDECLARED_SELECTOR = YES;
				GCC_WARN_UNINITIALIZED_AUTOS = YES_AGGRESSIVE;
				GCC_WARN_UNUSED_FUNCTION = YES;
				GCC_WARN_UNUSED_VARIABLE = YES;
				IPHONEOS_DEPLOYMENT_TARGET = 13.1;
				MTL_ENABLE_DEBUG_INFO = INCLUDE_SOURCE;
				MTL_FAST_MATH = YES;
				ONLY_ACTIVE_ARCH = YES;
				SDKROOT = iphoneos;
				SWIFT_ACTIVE_COMPILATION_CONDITIONS = DEBUG;
				SWIFT_OPTIMIZATION_LEVEL = "-Onone";
			};
			name = Debug;
		};
		DDDC822823739ABA003A97A8 /* Release */ = {
			isa = XCBuildConfiguration;
			buildSettings = {
				ALWAYS_SEARCH_USER_PATHS = NO;
				CLANG_ANALYZER_NONNULL = YES;
				CLANG_ANALYZER_NUMBER_OBJECT_CONVERSION = YES_AGGRESSIVE;
				CLANG_CXX_LANGUAGE_STANDARD = "gnu++14";
				CLANG_CXX_LIBRARY = "libc++";
				CLANG_ENABLE_MODULES = YES;
				CLANG_ENABLE_OBJC_ARC = YES;
				CLANG_ENABLE_OBJC_WEAK = YES;
				CLANG_WARN_BLOCK_CAPTURE_AUTORELEASING = YES;
				CLANG_WARN_BOOL_CONVERSION = YES;
				CLANG_WARN_COMMA = YES;
				CLANG_WARN_CONSTANT_CONVERSION = YES;
				CLANG_WARN_DEPRECATED_OBJC_IMPLEMENTATIONS = YES;
				CLANG_WARN_DIRECT_OBJC_ISA_USAGE = YES_ERROR;
				CLANG_WARN_DOCUMENTATION_COMMENTS = YES;
				CLANG_WARN_EMPTY_BODY = YES;
				CLANG_WARN_ENUM_CONVERSION = YES;
				CLANG_WARN_INFINITE_RECURSION = YES;
				CLANG_WARN_INT_CONVERSION = YES;
				CLANG_WARN_NON_LITERAL_NULL_CONVERSION = YES;
				CLANG_WARN_OBJC_IMPLICIT_RETAIN_SELF = YES;
				CLANG_WARN_OBJC_LITERAL_CONVERSION = YES;
				CLANG_WARN_OBJC_ROOT_CLASS = YES_ERROR;
				CLANG_WARN_RANGE_LOOP_ANALYSIS = YES;
				CLANG_WARN_STRICT_PROTOTYPES = YES;
				CLANG_WARN_SUSPICIOUS_MOVE = YES;
				CLANG_WARN_UNGUARDED_AVAILABILITY = YES_AGGRESSIVE;
				CLANG_WARN_UNREACHABLE_CODE = YES;
				CLANG_WARN__DUPLICATE_METHOD_MATCH = YES;
				COPY_PHASE_STRIP = NO;
				DEBUG_INFORMATION_FORMAT = "dwarf-with-dsym";
				ENABLE_NS_ASSERTIONS = NO;
				ENABLE_STRICT_OBJC_MSGSEND = YES;
				GCC_C_LANGUAGE_STANDARD = gnu11;
				GCC_NO_COMMON_BLOCKS = YES;
				GCC_WARN_64_TO_32_BIT_CONVERSION = YES;
				GCC_WARN_ABOUT_RETURN_TYPE = YES_ERROR;
				GCC_WARN_UNDECLARED_SELECTOR = YES;
				GCC_WARN_UNINITIALIZED_AUTOS = YES_AGGRESSIVE;
				GCC_WARN_UNUSED_FUNCTION = YES;
				GCC_WARN_UNUSED_VARIABLE = YES;
				IPHONEOS_DEPLOYMENT_TARGET = 13.1;
				MTL_ENABLE_DEBUG_INFO = NO;
				MTL_FAST_MATH = YES;
				SDKROOT = iphoneos;
				SWIFT_COMPILATION_MODE = wholemodule;
				SWIFT_OPTIMIZATION_LEVEL = "-O";
				VALIDATE_PRODUCT = YES;
			};
			name = Release;
		};
		DDDC822A23739ABA003A97A8 /* Debug */ = {
			isa = XCBuildConfiguration;
			baseConfigurationReference = 5259B4C344D882A879B49414 /* Pods-parstagram.debug.xcconfig */;
			buildSettings = {
				ASSETCATALOG_COMPILER_APPICON_NAME = AppIcon;
				CODE_SIGN_STYLE = Automatic;
				INFOPLIST_FILE = parstagram/Info.plist;
				LD_RUNPATH_SEARCH_PATHS = (
					"$(inherited)",
					"@executable_path/Frameworks",
				);
				PRODUCT_BUNDLE_IDENTIFIER = angelapwen.parstagram;
				PRODUCT_NAME = "$(TARGET_NAME)";
				SWIFT_VERSION = 5.0;
				TARGETED_DEVICE_FAMILY = "1,2";
			};
			name = Debug;
		};
		DDDC822B23739ABA003A97A8 /* Release */ = {
			isa = XCBuildConfiguration;
			baseConfigurationReference = BD5A6A50C99A69ED8324B86D /* Pods-parstagram.release.xcconfig */;
			buildSettings = {
				ASSETCATALOG_COMPILER_APPICON_NAME = AppIcon;
				CODE_SIGN_STYLE = Automatic;
				INFOPLIST_FILE = parstagram/Info.plist;
				LD_RUNPATH_SEARCH_PATHS = (
					"$(inherited)",
					"@executable_path/Frameworks",
				);
				PRODUCT_BUNDLE_IDENTIFIER = angelapwen.parstagram;
				PRODUCT_NAME = "$(TARGET_NAME)";
				SWIFT_VERSION = 5.0;
				TARGETED_DEVICE_FAMILY = "1,2";
			};
			name = Release;
		};
		DDDC822D23739ABA003A97A8 /* Debug */ = {
			isa = XCBuildConfiguration;
			baseConfigurationReference = 10C9FB017EC6ADC1ABEF3DA7 /* Pods-parstagramTests.debug.xcconfig */;
			buildSettings = {
				ALWAYS_EMBED_SWIFT_STANDARD_LIBRARIES = YES;
				BUNDLE_LOADER = "$(TEST_HOST)";
				CODE_SIGN_STYLE = Automatic;
				INFOPLIST_FILE = parstagramTests/Info.plist;
				IPHONEOS_DEPLOYMENT_TARGET = 13.1;
				LD_RUNPATH_SEARCH_PATHS = (
					"$(inherited)",
					"@executable_path/Frameworks",
					"@loader_path/Frameworks",
				);
				PRODUCT_BUNDLE_IDENTIFIER = angelapwen.parstagramTests;
				PRODUCT_NAME = "$(TARGET_NAME)";
				SWIFT_VERSION = 5.0;
				TARGETED_DEVICE_FAMILY = "1,2";
				TEST_HOST = "$(BUILT_PRODUCTS_DIR)/parstagram.app/parstagram";
			};
			name = Debug;
		};
		DDDC822E23739ABA003A97A8 /* Release */ = {
			isa = XCBuildConfiguration;
			baseConfigurationReference = B2695FBFC0504DE94819BC5D /* Pods-parstagramTests.release.xcconfig */;
			buildSettings = {
				ALWAYS_EMBED_SWIFT_STANDARD_LIBRARIES = YES;
				BUNDLE_LOADER = "$(TEST_HOST)";
				CODE_SIGN_STYLE = Automatic;
				INFOPLIST_FILE = parstagramTests/Info.plist;
				IPHONEOS_DEPLOYMENT_TARGET = 13.1;
				LD_RUNPATH_SEARCH_PATHS = (
					"$(inherited)",
					"@executable_path/Frameworks",
					"@loader_path/Frameworks",
				);
				PRODUCT_BUNDLE_IDENTIFIER = angelapwen.parstagramTests;
				PRODUCT_NAME = "$(TARGET_NAME)";
				SWIFT_VERSION = 5.0;
				TARGETED_DEVICE_FAMILY = "1,2";
				TEST_HOST = "$(BUILT_PRODUCTS_DIR)/parstagram.app/parstagram";
			};
			name = Release;
		};
		DDDC823023739ABA003A97A8 /* Debug */ = {
			isa = XCBuildConfiguration;
			baseConfigurationReference = 8F4D53DAC85A43365FB9BAD2 /* Pods-parstagram-parstagramUITests.debug.xcconfig */;
			buildSettings = {
				ALWAYS_EMBED_SWIFT_STANDARD_LIBRARIES = YES;
				CODE_SIGN_STYLE = Automatic;
				INFOPLIST_FILE = parstagramUITests/Info.plist;
				LD_RUNPATH_SEARCH_PATHS = (
					"$(inherited)",
					"@executable_path/Frameworks",
					"@loader_path/Frameworks",
				);
				PRODUCT_BUNDLE_IDENTIFIER = angelapwen.parstagramUITests;
				PRODUCT_NAME = "$(TARGET_NAME)";
				SWIFT_VERSION = 5.0;
				TARGETED_DEVICE_FAMILY = "1,2";
				TEST_TARGET_NAME = parstagram;
			};
			name = Debug;
		};
		DDDC823123739ABA003A97A8 /* Release */ = {
			isa = XCBuildConfiguration;
			baseConfigurationReference = CA9612FFB5BC182ACA2FB522 /* Pods-parstagram-parstagramUITests.release.xcconfig */;
			buildSettings = {
				ALWAYS_EMBED_SWIFT_STANDARD_LIBRARIES = YES;
				CODE_SIGN_STYLE = Automatic;
				INFOPLIST_FILE = parstagramUITests/Info.plist;
				LD_RUNPATH_SEARCH_PATHS = (
					"$(inherited)",
					"@executable_path/Frameworks",
					"@loader_path/Frameworks",
				);
				PRODUCT_BUNDLE_IDENTIFIER = angelapwen.parstagramUITests;
				PRODUCT_NAME = "$(TARGET_NAME)";
				SWIFT_VERSION = 5.0;
				TARGETED_DEVICE_FAMILY = "1,2";
				TEST_TARGET_NAME = parstagram;
			};
			name = Release;
		};
/* End XCBuildConfiguration section */

/* Begin XCConfigurationList section */
		DDDC81FA23739AB9003A97A8 /* Build configuration list for PBXProject "parstagram" */ = {
			isa = XCConfigurationList;
			buildConfigurations = (
				DDDC822723739ABA003A97A8 /* Debug */,
				DDDC822823739ABA003A97A8 /* Release */,
			);
			defaultConfigurationIsVisible = 0;
			defaultConfigurationName = Release;
		};
		DDDC822923739ABA003A97A8 /* Build configuration list for PBXNativeTarget "parstagram" */ = {
			isa = XCConfigurationList;
			buildConfigurations = (
				DDDC822A23739ABA003A97A8 /* Debug */,
				DDDC822B23739ABA003A97A8 /* Release */,
			);
			defaultConfigurationIsVisible = 0;
			defaultConfigurationName = Release;
		};
		DDDC822C23739ABA003A97A8 /* Build configuration list for PBXNativeTarget "parstagramTests" */ = {
			isa = XCConfigurationList;
			buildConfigurations = (
				DDDC822D23739ABA003A97A8 /* Debug */,
				DDDC822E23739ABA003A97A8 /* Release */,
			);
			defaultConfigurationIsVisible = 0;
			defaultConfigurationName = Release;
		};
		DDDC822F23739ABA003A97A8 /* Build configuration list for PBXNativeTarget "parstagramUITests" */ = {
			isa = XCConfigurationList;
			buildConfigurations = (
				DDDC823023739ABA003A97A8 /* Debug */,
				DDDC823123739ABA003A97A8 /* Release */,
			);
			defaultConfigurationIsVisible = 0;
			defaultConfigurationName = Release;
		};
/* End XCConfigurationList section */
	};
	rootObject = DDDC81F723739AB9003A97A8 /* Project object */;
}
